
Microsoft Visual Studio Solution File, Format Version 12.00
# Visual Studio Version 16
VisualStudioVersion = 16.0.30804.86
MinimumVisualStudioVersion = 10.0.40219.1
Project("{9A19103F-16F7-4668-BE54-9A1E7A4F7556}") = "Business", "Business\Business.csproj", "{AA442710-E948-49E7-AC6E-23D4B591A686}"
EndProject
Project("{9A19103F-16F7-4668-BE54-9A1E7A4F7556}") = "Entities", "Entities\Entities.csproj", "{FCA1F279-0749-47E9-AACB-0B2288781629}"
EndProject
Project("{9A19103F-16F7-4668-BE54-9A1E7A4F7556}") = "DataAccess", "DataAccess\DataAccess.csproj", "{166A77E2-8ECE-43D5-99BF-FDAB5A99C1AE}"
EndProject
Project("{FAE04EC0-301F-11D3-BF4B-00C04F79EFBC}") = "ConsolUI", "ConsolUI\ConsolUI.csproj", "{F086397B-1EC7-4460-A0F6-FC3366F81849}"
EndProject
Global
	GlobalSection(SolutionConfigurationPlatforms) = preSolution
		Debug|Any CPU = Debug|Any CPU
		Release|Any CPU = Release|Any CPU
	EndGlobalSection
	GlobalSection(ProjectConfigurationPlatforms) = postSolution
		{AA442710-E948-49E7-AC6E-23D4B591A686}.Debug|Any CPU.ActiveCfg = Debug|Any CPU
		{AA442710-E948-49E7-AC6E-23D4B591A686}.Debug|Any CPU.Build.0 = Debug|Any CPU
		{AA442710-E948-49E7-AC6E-23D4B591A686}.Release|Any CPU.ActiveCfg = Release|Any CPU
		{AA442710-E948-49E7-AC6E-23D4B591A686}.Release|Any CPU.Build.0 = Release|Any CPU
		{FCA1F279-0749-47E9-AACB-0B2288781629}.Debug|Any CPU.ActiveCfg = Debug|Any CPU
		{FCA1F279-0749-47E9-AACB-0B2288781629}.Debug|Any CPU.Build.0 = Debug|Any CPU
		{FCA1F279-0749-47E9-AACB-0B2288781629}.Release|Any CPU.ActiveCfg = Release|Any CPU
		{FCA1F279-0749-47E9-AACB-0B2288781629}.Release|Any CPU.Build.0 = Release|Any CPU
		{166A77E2-8ECE-43D5-99BF-FDAB5A99C1AE}.Debug|Any CPU.ActiveCfg = Debug|Any CPU
		{166A77E2-8ECE-43D5-99BF-FDAB5A99C1AE}.Debug|Any CPU.Build.0 = Debug|Any CPU
		{166A77E2-8ECE-43D5-99BF-FDAB5A99C1AE}.Release|Any CPU.ActiveCfg = Release|Any CPU
		{166A77E2-8ECE-43D5-99BF-FDAB5A99C1AE}.Release|Any CPU.Build.0 = Release|Any CPU
		{F086397B-1EC7-4460-A0F6-FC3366F81849}.Debug|Any CPU.ActiveCfg = Debug|Any CPU
		{F086397B-1EC7-4460-A0F6-FC3366F81849}.Debug|Any CPU.Build.0 = Debug|Any CPU
		{F086397B-1EC7-4460-A0F6-FC3366F81849}.Release|Any CPU.ActiveCfg = Release|Any CPU
		{F086397B-1EC7-4460-A0F6-FC3366F81849}.Release|Any CPU.Build.0 = Release|Any CPU
	EndGlobalSection
	GlobalSection(SolutionProperties) = preSolution
		HideSolutionNode = FALSE
	EndGlobalSection
	GlobalSection(ExtensibilityGlobals) = postSolution
		SolutionGuid = {7C965CC6-A631-48CA-8023-BE36506A1714}
	EndGlobalSection
EndGlobal
